
Microsoft Visual Studio Solution File, Format Version 12.00
# Visual Studio Version 17
VisualStudioVersion = 17.9.34728.123
MinimumVisualStudioVersion = 10.0.40219.1
Project("{9A19103F-16F7-4668-BE54-9A1E7A4F7556}") = "Server", "Server\Server.csproj", "{1907F47B-3F2A-4823-B0D5-D468CC1BEC46}"
EndProject
Project("{9A19103F-16F7-4668-BE54-9A1E7A4F7556}") = "SharedLibrary", "SharedLibrary\SharedLibrary.csproj", "{7A6927BA-5AB2-42A5-A54D-08E9513D5076}"
EndProject
Global
	GlobalSection(SolutionConfigurationPlatforms) = preSolution
		Debug|Any CPU = Debug|Any CPU
		Release|Any CPU = Release|Any CPU
	EndGlobalSection
	GlobalSection(ProjectConfigurationPlatforms) = postSolution
		{1907F47B-3F2A-4823-B0D5-D468CC1BEC46}.Debug|Any CPU.ActiveCfg = Debug|Any CPU
		{1907F47B-3F2A-4823-B0D5-D468CC1BEC46}.Debug|Any CPU.Build.0 = Debug|Any CPU
		{1907F47B-3F2A-4823-B0D5-D468CC1BEC46}.Release|Any CPU.ActiveCfg = Release|Any CPU
		{1907F47B-3F2A-4823-B0D5-D468CC1BEC46}.Release|Any CPU.Build.0 = Release|Any CPU
		{7A6927BA-5AB2-42A5-A54D-08E9513D5076}.Debug|Any CPU.ActiveCfg = Debug|Any CPU
		{7A6927BA-5AB2-42A5-A54D-08E9513D5076}.Debug|Any CPU.Build.0 = Debug|Any CPU
		{7A6927BA-5AB2-42A5-A54D-08E9513D5076}.Release|Any CPU.ActiveCfg = Release|Any CPU
		{7A6927BA-5AB2-42A5-A54D-08E9513D5076}.Release|Any CPU.Build.0 = Release|Any CPU
	EndGlobalSection
	GlobalSection(SolutionProperties) = preSolution
		HideSolutionNode = FALSE
	EndGlobalSection
	GlobalSection(ExtensibilityGlobals) = postSolution
		SolutionGuid = {FEBE79B1-7460-4276-8C8B-D663B6C2D0B6}
	EndGlobalSection
EndGlobal
